
Microsoft Visual Studio Solution File, Format Version 12.00
# Visual Studio 15
VisualStudioVersion = 15.0.27130.2027
MinimumVisualStudioVersion = 10.0.40219.1
Project("{9A19103F-16F7-4668-BE54-9A1E7A4F7556}") = "MiscUtils", "MiscUtils\MiscUtils\MiscUtils.csproj", "{D6FBFC9E-2CE8-4AD4-80E3-7253BDF7A2B3}"
EndProject
Project("{FAE04EC0-301F-11D3-BF4B-00C04F79EFBC}") = "UnitTest", "UnitTest\UnitTest.csproj", "{5F49B915-964D-4751-BEEE-4F433CAA3A2D}"
EndProject
Project("{9A19103F-16F7-4668-BE54-9A1E7A4F7556}") = "ReactiveNetwork", "ReactiveNetwork\ReactiveNetwork.csproj", "{F7A6815A-D622-475A-AA22-E1A01A0A180D}"
EndProject
Global
	GlobalSection(SolutionConfigurationPlatforms) = preSolution
		Debug|Any CPU = Debug|Any CPU
		Debug|x64 = Debug|x64
		Debug|x86 = Debug|x86
		Release|Any CPU = Release|Any CPU
		Release|x64 = Release|x64
		Release|x86 = Release|x86
	EndGlobalSection
	GlobalSection(ProjectConfigurationPlatforms) = postSolution
		{D6FBFC9E-2CE8-4AD4-80E3-7253BDF7A2B3}.Debug|Any CPU.ActiveCfg = Debug|Any CPU
		{D6FBFC9E-2CE8-4AD4-80E3-7253BDF7A2B3}.Debug|Any CPU.Build.0 = Debug|Any CPU
		{D6FBFC9E-2CE8-4AD4-80E3-7253BDF7A2B3}.Debug|x64.ActiveCfg = Debug|x64
		{D6FBFC9E-2CE8-4AD4-80E3-7253BDF7A2B3}.Debug|x64.Build.0 = Debug|x64
		{D6FBFC9E-2CE8-4AD4-80E3-7253BDF7A2B3}.Debug|x86.ActiveCfg = Debug|x86
		{D6FBFC9E-2CE8-4AD4-80E3-7253BDF7A2B3}.Debug|x86.Build.0 = Debug|x86
		{D6FBFC9E-2CE8-4AD4-80E3-7253BDF7A2B3}.Release|Any CPU.ActiveCfg = Release|Any CPU
		{D6FBFC9E-2CE8-4AD4-80E3-7253BDF7A2B3}.Release|Any CPU.Build.0 = Release|Any CPU
		{D6FBFC9E-2CE8-4AD4-80E3-7253BDF7A2B3}.Release|x64.ActiveCfg = Release|x64
		{D6FBFC9E-2CE8-4AD4-80E3-7253BDF7A2B3}.Release|x64.Build.0 = Release|x64
		{D6FBFC9E-2CE8-4AD4-80E3-7253BDF7A2B3}.Release|x86.ActiveCfg = Release|x86
		{D6FBFC9E-2CE8-4AD4-80E3-7253BDF7A2B3}.Release|x86.Build.0 = Release|x86
		{5F49B915-964D-4751-BEEE-4F433CAA3A2D}.Debug|Any CPU.ActiveCfg = Debug|Any CPU
		{5F49B915-964D-4751-BEEE-4F433CAA3A2D}.Debug|Any CPU.Build.0 = Debug|Any CPU
		{5F49B915-964D-4751-BEEE-4F433CAA3A2D}.Debug|x64.ActiveCfg = Debug|Any CPU
		{5F49B915-964D-4751-BEEE-4F433CAA3A2D}.Debug|x64.Build.0 = Debug|Any CPU
		{5F49B915-964D-4751-BEEE-4F433CAA3A2D}.Debug|x86.ActiveCfg = Debug|Any CPU
		{5F49B915-964D-4751-BEEE-4F433CAA3A2D}.Debug|x86.Build.0 = Debug|Any CPU
		{5F49B915-964D-4751-BEEE-4F433CAA3A2D}.Release|Any CPU.ActiveCfg = Release|Any CPU
		{5F49B915-964D-4751-BEEE-4F433CAA3A2D}.Release|Any CPU.Build.0 = Release|Any CPU
		{5F49B915-964D-4751-BEEE-4F433CAA3A2D}.Release|x64.ActiveCfg = Release|Any CPU
		{5F49B915-964D-4751-BEEE-4F433CAA3A2D}.Release|x64.Build.0 = Release|Any CPU
		{5F49B915-964D-4751-BEEE-4F433CAA3A2D}.Release|x86.ActiveCfg = Release|Any CPU
		{5F49B915-964D-4751-BEEE-4F433CAA3A2D}.Release|x86.Build.0 = Release|Any CPU
		{F7A6815A-D622-475A-AA22-E1A01A0A180D}.Debug|Any CPU.ActiveCfg = Debug|Any CPU
		{F7A6815A-D622-475A-AA22-E1A01A0A180D}.Debug|Any CPU.Build.0 = Debug|Any CPU
		{F7A6815A-D622-475A-AA22-E1A01A0A180D}.Debug|x64.ActiveCfg = Debug|Any CPU
		{F7A6815A-D622-475A-AA22-E1A01A0A180D}.Debug|x64.Build.0 = Debug|Any CPU
		{F7A6815A-D622-475A-AA22-E1A01A0A180D}.Debug|x86.ActiveCfg = Debug|Any CPU
		{F7A6815A-D622-475A-AA22-E1A01A0A180D}.Debug|x86.Build.0 = Debug|Any CPU
		{F7A6815A-D622-475A-AA22-E1A01A0A180D}.Release|Any CPU.ActiveCfg = Release|Any CPU
		{F7A6815A-D622-475A-AA22-E1A01A0A180D}.Release|Any CPU.Build.0 = Release|Any CPU
		{F7A6815A-D622-475A-AA22-E1A01A0A180D}.Release|x64.ActiveCfg = Release|Any CPU
		{F7A6815A-D622-475A-AA22-E1A01A0A180D}.Release|x64.Build.0 = Release|Any CPU
		{F7A6815A-D622-475A-AA22-E1A01A0A180D}.Release|x86.ActiveCfg = Release|Any CPU
		{F7A6815A-D622-475A-AA22-E1A01A0A180D}.Release|x86.Build.0 = Release|Any CPU
	EndGlobalSection
	GlobalSection(SolutionProperties) = preSolution
		HideSolutionNode = FALSE
	EndGlobalSection
	GlobalSection(ExtensibilityGlobals) = postSolution
		SolutionGuid = {0A843893-B5C3-460F-9B1D-53AD376AE31B}
	EndGlobalSection
EndGlobal
